
Microsoft Visual Studio Solution File, Format Version 12.00
# Visual Studio 15
VisualStudioVersion = 15.0.27130.2010
MinimumVisualStudioVersion = 10.0.40219.1
Project("{FAE04EC0-301F-11D3-BF4B-00C04F79EFBC}") = "xamarin_empleados.Android", "xamarin_empleados\xamarin_empleados.Android\xamarin_empleados.Android.csproj", "{D02824E9-716F-4D2A-9463-36445B00662E}"
EndProject
Project("{FAE04EC0-301F-11D3-BF4B-00C04F79EFBC}") = "xamarin_empleados.iOS", "xamarin_empleados\xamarin_empleados.iOS\xamarin_empleados.iOS.csproj", "{95C1CF71-DE6B-47B1-B762-A28B645D6674}"
EndProject
Project("{FAE04EC0-301F-11D3-BF4B-00C04F79EFBC}") = "xamarin_empleados.UWP", "xamarin_empleados\xamarin_empleados.UWP\xamarin_empleados.UWP.csproj", "{F3BCC185-A0AB-4192-9D1C-C12160F5072D}"
EndProject
Project("{FAE04EC0-301F-11D3-BF4B-00C04F79EFBC}") = "xamarin_empleados", "xamarin_empleados\xamarin_empleados\xamarin_empleados.csproj", "{BC38B34B-B013-48D2-9257-BCDDBFCA2A60}"
EndProject
Global
	GlobalSection(SolutionConfigurationPlatforms) = preSolution
		Ad-Hoc|Any CPU = Ad-Hoc|Any CPU
		Ad-Hoc|ARM = Ad-Hoc|ARM
		Ad-Hoc|iPhone = Ad-Hoc|iPhone
		Ad-Hoc|iPhoneSimulator = Ad-Hoc|iPhoneSimulator
		Ad-Hoc|x64 = Ad-Hoc|x64
		Ad-Hoc|x86 = Ad-Hoc|x86
		AppStore|Any CPU = AppStore|Any CPU
		AppStore|ARM = AppStore|ARM
		AppStore|iPhone = AppStore|iPhone
		AppStore|iPhoneSimulator = AppStore|iPhoneSimulator
		AppStore|x64 = AppStore|x64
		AppStore|x86 = AppStore|x86
		Debug|Any CPU = Debug|Any CPU
		Debug|ARM = Debug|ARM
		Debug|iPhone = Debug|iPhone
		Debug|iPhoneSimulator = Debug|iPhoneSimulator
		Debug|x64 = Debug|x64
		Debug|x86 = Debug|x86
		Release|Any CPU = Release|Any CPU
		Release|ARM = Release|ARM
		Release|iPhone = Release|iPhone
		Release|iPhoneSimulator = Release|iPhoneSimulator
		Release|x64 = Release|x64
		Release|x86 = Release|x86
	EndGlobalSection
	GlobalSection(ProjectConfigurationPlatforms) = postSolution
		{D02824E9-716F-4D2A-9463-36445B00662E}.Ad-Hoc|Any CPU.ActiveCfg = Release|Any CPU
		{D02824E9-716F-4D2A-9463-36445B00662E}.Ad-Hoc|Any CPU.Build.0 = Release|Any CPU
		{D02824E9-716F-4D2A-9463-36445B00662E}.Ad-Hoc|Any CPU.Deploy.0 = Release|Any CPU
		{D02824E9-716F-4D2A-9463-36445B00662E}.Ad-Hoc|ARM.ActiveCfg = Release|Any CPU
		{D02824E9-716F-4D2A-9463-36445B00662E}.Ad-Hoc|ARM.Build.0 = Release|Any CPU
		{D02824E9-716F-4D2A-9463-36445B00662E}.Ad-Hoc|ARM.Deploy.0 = Release|Any CPU
		{D02824E9-716F-4D2A-9463-36445B00662E}.Ad-Hoc|iPhone.ActiveCfg = Release|Any CPU
		{D02824E9-716F-4D2A-9463-36445B00662E}.Ad-Hoc|iPhone.Build.0 = Release|Any CPU
		{D02824E9-716F-4D2A-9463-36445B00662E}.Ad-Hoc|iPhone.Deploy.0 = Release|Any CPU
		{D02824E9-716F-4D2A-9463-36445B00662E}.Ad-Hoc|iPhoneSimulator.ActiveCfg = Release|Any CPU
		{D02824E9-716F-4D2A-9463-36445B00662E}.Ad-Hoc|iPhoneSimulator.Build.0 = Release|Any CPU
		{D02824E9-716F-4D2A-9463-36445B00662E}.Ad-Hoc|iPhoneSimulator.Deploy.0 = Release|Any CPU
		{D02824E9-716F-4D2A-9463-36445B00662E}.Ad-Hoc|x64.ActiveCfg = Release|Any CPU
		{D02824E9-716F-4D2A-9463-36445B00662E}.Ad-Hoc|x64.Build.0 = Release|Any CPU
		{D02824E9-716F-4D2A-9463-36445B00662E}.Ad-Hoc|x64.Deploy.0 = Release|Any CPU
		{D02824E9-716F-4D2A-9463-36445B00662E}.Ad-Hoc|x86.ActiveCfg = Release|Any CPU
		{D02824E9-716F-4D2A-9463-36445B00662E}.Ad-Hoc|x86.Build.0 = Release|Any CPU
		{D02824E9-716F-4D2A-9463-36445B00662E}.Ad-Hoc|x86.Deploy.0 = Release|Any CPU
		{D02824E9-716F-4D2A-9463-36445B00662E}.AppStore|Any CPU.ActiveCfg = Release|Any CPU
		{D02824E9-716F-4D2A-9463-36445B00662E}.AppStore|Any CPU.Build.0 = Release|Any CPU
		{D02824E9-716F-4D2A-9463-36445B00662E}.AppStore|Any CPU.Deploy.0 = Release|Any CPU
		{D02824E9-716F-4D2A-9463-36445B00662E}.AppStore|ARM.ActiveCfg = Release|Any CPU
		{D02824E9-716F-4D2A-9463-36445B00662E}.AppStore|ARM.Build.0 = Release|Any CPU
		{D02824E9-716F-4D2A-9463-36445B00662E}.AppStore|ARM.Deploy.0 = Release|Any CPU
		{D02824E9-716F-4D2A-9463-36445B00662E}.AppStore|iPhone.ActiveCfg = Release|Any CPU
		{D02824E9-716F-4D2A-9463-36445B00662E}.AppStore|iPhone.Build.0 = Release|Any CPU
		{D02824E9-716F-4D2A-9463-36445B00662E}.AppStore|iPhone.Deploy.0 = Release|Any CPU
		{D02824E9-716F-4D2A-9463-36445B00662E}.AppStore|iPhoneSimulator.ActiveCfg = Release|Any CPU
		{D02824E9-716F-4D2A-9463-36445B00662E}.AppStore|iPhoneSimulator.Build.0 = Release|Any CPU
		{D02824E9-716F-4D2A-9463-36445B00662E}.AppStore|iPhoneSimulator.Deploy.0 = Release|Any CPU
		{D02824E9-716F-4D2A-9463-36445B00662E}.AppStore|x64.ActiveCfg = Release|Any CPU
		{D02824E9-716F-4D2A-9463-36445B00662E}.AppStore|x64.Build.0 = Release|Any CPU
		{D02824E9-716F-4D2A-9463-36445B00662E}.AppStore|x64.Deploy.0 = Release|Any CPU
		{D02824E9-716F-4D2A-9463-36445B00662E}.AppStore|x86.ActiveCfg = Release|Any CPU
		{D02824E9-716F-4D2A-9463-36445B00662E}.AppStore|x86.Build.0 = Release|Any CPU
		{D02824E9-716F-4D2A-9463-36445B00662E}.AppStore|x86.Deploy.0 = Release|Any CPU
		{D02824E9-716F-4D2A-9463-36445B00662E}.Debug|Any CPU.ActiveCfg = Debug|Any CPU
		{D02824E9-716F-4D2A-9463-36445B00662E}.Debug|Any CPU.Build.0 = Debug|Any CPU
		{D02824E9-716F-4D2A-9463-36445B00662E}.Debug|Any CPU.Deploy.0 = Debug|Any CPU
		{D02824E9-716F-4D2A-9463-36445B00662E}.Debug|ARM.ActiveCfg = Debug|Any CPU
		{D02824E9-716F-4D2A-9463-36445B00662E}.Debug|ARM.Build.0 = Debug|Any CPU
		{D02824E9-716F-4D2A-9463-36445B00662E}.Debug|ARM.Deploy.0 = Debug|Any CPU
		{D02824E9-716F-4D2A-9463-36445B00662E}.Debug|iPhone.ActiveCfg = Debug|Any CPU
		{D02824E9-716F-4D2A-9463-36445B00662E}.Debug|iPhone.Build.0 = Debug|Any CPU
		{D02824E9-716F-4D2A-9463-36445B00662E}.Debug|iPhone.Deploy.0 = Debug|Any CPU
		{D02824E9-716F-4D2A-9463-36445B00662E}.Debug|iPhoneSimulator.ActiveCfg = Debug|Any CPU
		{D02824E9-716F-4D2A-9463-36445B00662E}.Debug|iPhoneSimulator.Build.0 = Debug|Any CPU
		{D02824E9-716F-4D2A-9463-36445B00662E}.Debug|iPhoneSimulator.Deploy.0 = Debug|Any CPU
		{D02824E9-716F-4D2A-9463-36445B00662E}.Debug|x64.ActiveCfg = Debug|Any CPU
		{D02824E9-716F-4D2A-9463-36445B00662E}.Debug|x64.Build.0 = Debug|Any CPU
		{D02824E9-716F-4D2A-9463-36445B00662E}.Debug|x64.Deploy.0 = Debug|Any CPU
		{D02824E9-716F-4D2A-9463-36445B00662E}.Debug|x86.ActiveCfg = Debug|Any CPU
		{D02824E9-716F-4D2A-9463-36445B00662E}.Debug|x86.Build.0 = Debug|Any CPU
		{D02824E9-716F-4D2A-9463-36445B00662E}.Debug|x86.Deploy.0 = Debug|Any CPU
		{D02824E9-716F-4D2A-9463-36445B00662E}.Release|Any CPU.ActiveCfg = Release|Any CPU
		{D02824E9-716F-4D2A-9463-36445B00662E}.Release|Any CPU.Build.0 = Release|Any CPU
		{D02824E9-716F-4D2A-9463-36445B00662E}.Release|Any CPU.Deploy.0 = Release|Any CPU
		{D02824E9-716F-4D2A-9463-36445B00662E}.Release|ARM.ActiveCfg = Release|Any CPU
		{D02824E9-716F-4D2A-9463-36445B00662E}.Release|ARM.Build.0 = Release|Any CPU
		{D02824E9-716F-4D2A-9463-36445B00662E}.Release|ARM.Deploy.0 = Release|Any CPU
		{D02824E9-716F-4D2A-9463-36445B00662E}.Release|iPhone.ActiveCfg = Release|Any CPU
		{D02824E9-716F-4D2A-9463-36445B00662E}.Release|iPhone.Build.0 = Release|Any CPU
		{D02824E9-716F-4D2A-9463-36445B00662E}.Release|iPhone.Deploy.0 = Release|Any CPU
		{D02824E9-716F-4D2A-9463-36445B00662E}.Release|iPhoneSimulator.ActiveCfg = Release|Any CPU
		{D02824E9-716F-4D2A-9463-36445B00662E}.Release|iPhoneSimulator.Build.0 = Release|Any CPU
		{D02824E9-716F-4D2A-9463-36445B00662E}.Release|iPhoneSimulator.Deploy.0 = Release|Any CPU
		{D02824E9-716F-4D2A-9463-36445B00662E}.Release|x64.ActiveCfg = Release|Any CPU
		{D02824E9-716F-4D2A-9463-36445B00662E}.Release|x64.Build.0 = Release|Any CPU
		{D02824E9-716F-4D2A-9463-36445B00662E}.Release|x64.Deploy.0 = Release|Any CPU
		{D02824E9-716F-4D2A-9463-36445B00662E}.Release|x86.ActiveCfg = Release|Any CPU
		{D02824E9-716F-4D2A-9463-36445B00662E}.Release|x86.Build.0 = Release|Any CPU
		{D02824E9-716F-4D2A-9463-36445B00662E}.Release|x86.Deploy.0 = Release|Any CPU
		{95C1CF71-DE6B-47B1-B762-A28B645D6674}.Ad-Hoc|Any CPU.ActiveCfg = Ad-Hoc|iPhone
		{95C1CF71-DE6B-47B1-B762-A28B645D6674}.Ad-Hoc|ARM.ActiveCfg = Ad-Hoc|iPhone
		{95C1CF71-DE6B-47B1-B762-A28B645D6674}.Ad-Hoc|iPhone.ActiveCfg = Ad-Hoc|iPhone
		{95C1CF71-DE6B-47B1-B762-A28B645D6674}.Ad-Hoc|iPhone.Build.0 = Ad-Hoc|iPhone
		{95C1CF71-DE6B-47B1-B762-A28B645D6674}.Ad-Hoc|iPhoneSimulator.ActiveCfg = Ad-Hoc|iPhoneSimulator
		{95C1CF71-DE6B-47B1-B762-A28B645D6674}.Ad-Hoc|iPhoneSimulator.Build.0 = Ad-Hoc|iPhoneSimulator
		{95C1CF71-DE6B-47B1-B762-A28B645D6674}.Ad-Hoc|x64.ActiveCfg = Ad-Hoc|iPhone
		{95C1CF71-DE6B-47B1-B762-A28B645D6674}.Ad-Hoc|x86.ActiveCfg = Ad-Hoc|iPhone
		{95C1CF71-DE6B-47B1-B762-A28B645D6674}.AppStore|Any CPU.ActiveCfg = AppStore|iPhone
		{95C1CF71-DE6B-47B1-B762-A28B645D6674}.AppStore|ARM.ActiveCfg = AppStore|iPhone
		{95C1CF71-DE6B-47B1-B762-A28B645D6674}.AppStore|iPhone.ActiveCfg = AppStore|iPhone
		{95C1CF71-DE6B-47B1-B762-A28B645D6674}.AppStore|iPhone.Build.0 = AppStore|iPhone
		{95C1CF71-DE6B-47B1-B762-A28B645D6674}.AppStore|iPhoneSimulator.ActiveCfg = AppStore|iPhoneSimulator
		{95C1CF71-DE6B-47B1-B762-A28B645D6674}.AppStore|iPhoneSimulator.Build.0 = AppStore|iPhoneSimulator
		{95C1CF71-DE6B-47B1-B762-A28B645D6674}.AppStore|x64.ActiveCfg = AppStore|iPhone
		{95C1CF71-DE6B-47B1-B762-A28B645D6674}.AppStore|x86.ActiveCfg = AppStore|iPhone
		{95C1CF71-DE6B-47B1-B762-A28B645D6674}.Debug|Any CPU.ActiveCfg = Debug|iPhone
		{95C1CF71-DE6B-47B1-B762-A28B645D6674}.Debug|ARM.ActiveCfg = Debug|iPhone
		{95C1CF71-DE6B-47B1-B762-A28B645D6674}.Debug|iPhone.ActiveCfg = Debug|iPhone
		{95C1CF71-DE6B-47B1-B762-A28B645D6674}.Debug|iPhone.Build.0 = Debug|iPhone
		{95C1CF71-DE6B-47B1-B762-A28B645D6674}.Debug|iPhoneSimulator.ActiveCfg = Debug|iPhoneSimulator
		{95C1CF71-DE6B-47B1-B762-A28B645D6674}.Debug|iPhoneSimulator.Build.0 = Debug|iPhoneSimulator
		{95C1CF71-DE6B-47B1-B762-A28B645D6674}.Debug|x64.ActiveCfg = Debug|iPhone
		{95C1CF71-DE6B-47B1-B762-A28B645D6674}.Debug|x86.ActiveCfg = Debug|iPhone
		{95C1CF71-DE6B-47B1-B762-A28B645D6674}.Release|Any CPU.ActiveCfg = Release|iPhone
		{95C1CF71-DE6B-47B1-B762-A28B645D6674}.Release|ARM.ActiveCfg = Release|iPhone
		{95C1CF71-DE6B-47B1-B762-A28B645D6674}.Release|iPhone.ActiveCfg = Release|iPhone
		{95C1CF71-DE6B-47B1-B762-A28B645D6674}.Release|iPhone.Build.0 = Release|iPhone
		{95C1CF71-DE6B-47B1-B762-A28B645D6674}.Release|iPhoneSimulator.ActiveCfg = Release|iPhoneSimulator
		{95C1CF71-DE6B-47B1-B762-A28B645D6674}.Release|iPhoneSimulator.Build.0 = Release|iPhoneSimulator
		{95C1CF71-DE6B-47B1-B762-A28B645D6674}.Release|x64.ActiveCfg = Release|iPhone
		{95C1CF71-DE6B-47B1-B762-A28B645D6674}.Release|x86.ActiveCfg = Release|iPhone
		{F3BCC185-A0AB-4192-9D1C-C12160F5072D}.Ad-Hoc|Any CPU.ActiveCfg = Release|x86
		{F3BCC185-A0AB-4192-9D1C-C12160F5072D}.Ad-Hoc|Any CPU.Build.0 = Release|x86
		{F3BCC185-A0AB-4192-9D1C-C12160F5072D}.Ad-Hoc|Any CPU.Deploy.0 = Release|x86
		{F3BCC185-A0AB-4192-9D1C-C12160F5072D}.Ad-Hoc|ARM.ActiveCfg = Release|ARM
		{F3BCC185-A0AB-4192-9D1C-C12160F5072D}.Ad-Hoc|ARM.Build.0 = Release|ARM
		{F3BCC185-A0AB-4192-9D1C-C12160F5072D}.Ad-Hoc|ARM.Deploy.0 = Release|ARM
		{F3BCC185-A0AB-4192-9D1C-C12160F5072D}.Ad-Hoc|iPhone.ActiveCfg = Release|x86
		{F3BCC185-A0AB-4192-9D1C-C12160F5072D}.Ad-Hoc|iPhone.Build.0 = Release|x86
		{F3BCC185-A0AB-4192-9D1C-C12160F5072D}.Ad-Hoc|iPhone.Deploy.0 = Release|x86
		{F3BCC185-A0AB-4192-9D1C-C12160F5072D}.Ad-Hoc|iPhoneSimulator.ActiveCfg = Release|x86
		{F3BCC185-A0AB-4192-9D1C-C12160F5072D}.Ad-Hoc|iPhoneSimulator.Build.0 = Release|x86
		{F3BCC185-A0AB-4192-9D1C-C12160F5072D}.Ad-Hoc|iPhoneSimulator.Deploy.0 = Release|x86
		{F3BCC185-A0AB-4192-9D1C-C12160F5072D}.Ad-Hoc|x64.ActiveCfg = Release|x64
		{F3BCC185-A0AB-4192-9D1C-C12160F5072D}.Ad-Hoc|x64.Build.0 = Release|x64
		{F3BCC185-A0AB-4192-9D1C-C12160F5072D}.Ad-Hoc|x64.Deploy.0 = Release|x64
		{F3BCC185-A0AB-4192-9D1C-C12160F5072D}.Ad-Hoc|x86.ActiveCfg = Release|x86
		{F3BCC185-A0AB-4192-9D1C-C12160F5072D}.Ad-Hoc|x86.Build.0 = Release|x86
		{F3BCC185-A0AB-4192-9D1C-C12160F5072D}.Ad-Hoc|x86.Deploy.0 = Release|x86
		{F3BCC185-A0AB-4192-9D1C-C12160F5072D}.AppStore|Any CPU.ActiveCfg = Release|x86
		{F3BCC185-A0AB-4192-9D1C-C12160F5072D}.AppStore|Any CPU.Build.0 = Release|x86
		{F3BCC185-A0AB-4192-9D1C-C12160F5072D}.AppStore|Any CPU.Deploy.0 = Release|x86
		{F3BCC185-A0AB-4192-9D1C-C12160F5072D}.AppStore|ARM.ActiveCfg = Release|ARM
		{F3BCC185-A0AB-4192-9D1C-C12160F5072D}.AppStore|ARM.Build.0 = Release|ARM
		{F3BCC185-A0AB-4192-9D1C-C12160F5072D}.AppStore|ARM.Deploy.0 = Release|ARM
		{F3BCC185-A0AB-4192-9D1C-C12160F5072D}.AppStore|iPhone.ActiveCfg = Release|x86
		{F3BCC185-A0AB-4192-9D1C-C12160F5072D}.AppStore|iPhone.Build.0 = Release|x86
		{F3BCC185-A0AB-4192-9D1C-C12160F5072D}.AppStore|iPhone.Deploy.0 = Release|x86
		{F3BCC185-A0AB-4192-9D1C-C12160F5072D}.AppStore|iPhoneSimulator.ActiveCfg = Release|x86
		{F3BCC185-A0AB-4192-9D1C-C12160F5072D}.AppStore|iPhoneSimulator.Build.0 = Release|x86
		{F3BCC185-A0AB-4192-9D1C-C12160F5072D}.AppStore|iPhoneSimulator.Deploy.0 = Release|x86
		{F3BCC185-A0AB-4192-9D1C-C12160F5072D}.AppStore|x64.ActiveCfg = Release|x64
		{F3BCC185-A0AB-4192-9D1C-C12160F5072D}.AppStore|x64.Build.0 = Release|x64
		{F3BCC185-A0AB-4192-9D1C-C12160F5072D}.AppStore|x64.Deploy.0 = Release|x64
		{F3BCC185-A0AB-4192-9D1C-C12160F5072D}.AppStore|x86.ActiveCfg = Release|x86
		{F3BCC185-A0AB-4192-9D1C-C12160F5072D}.AppStore|x86.Build.0 = Release|x86
		{F3BCC185-A0AB-4192-9D1C-C12160F5072D}.AppStore|x86.Deploy.0 = Release|x86
		{F3BCC185-A0AB-4192-9D1C-C12160F5072D}.Debug|Any CPU.ActiveCfg = Debug|x86
		{F3BCC185-A0AB-4192-9D1C-C12160F5072D}.Debug|ARM.ActiveCfg = Debug|ARM
		{F3BCC185-A0AB-4192-9D1C-C12160F5072D}.Debug|ARM.Build.0 = Debug|ARM
		{F3BCC185-A0AB-4192-9D1C-C12160F5072D}.Debug|ARM.Deploy.0 = Debug|ARM
		{F3BCC185-A0AB-4192-9D1C-C12160F5072D}.Debug|iPhone.ActiveCfg = Debug|x86
		{F3BCC185-A0AB-4192-9D1C-C12160F5072D}.Debug|iPhoneSimulator.ActiveCfg = Debug|x86
		{F3BCC185-A0AB-4192-9D1C-C12160F5072D}.Debug|x64.ActiveCfg = Debug|x64
		{F3BCC185-A0AB-4192-9D1C-C12160F5072D}.Debug|x64.Build.0 = Debug|x64
		{F3BCC185-A0AB-4192-9D1C-C12160F5072D}.Debug|x64.Deploy.0 = Debug|x64
		{F3BCC185-A0AB-4192-9D1C-C12160F5072D}.Debug|x86.ActiveCfg = Debug|x86
		{F3BCC185-A0AB-4192-9D1C-C12160F5072D}.Debug|x86.Build.0 = Debug|x86
		{F3BCC185-A0AB-4192-9D1C-C12160F5072D}.Debug|x86.Deploy.0 = Debug|x86
		{F3BCC185-A0AB-4192-9D1C-C12160F5072D}.Release|Any CPU.ActiveCfg = Release|x86
		{F3BCC185-A0AB-4192-9D1C-C12160F5072D}.Release|ARM.ActiveCfg = Release|ARM
		{F3BCC185-A0AB-4192-9D1C-C12160F5072D}.Release|ARM.Build.0 = Release|ARM
		{F3BCC185-A0AB-4192-9D1C-C12160F5072D}.Release|ARM.Deploy.0 = Release|ARM
		{F3BCC185-A0AB-4192-9D1C-C12160F5072D}.Release|iPhone.ActiveCfg = Release|x86
		{F3BCC185-A0AB-4192-9D1C-C12160F5072D}.Release|iPhoneSimulator.ActiveCfg = Release|x86
		{F3BCC185-A0AB-4192-9D1C-C12160F5072D}.Release|x64.ActiveCfg = Release|x64
		{F3BCC185-A0AB-4192-9D1C-C12160F5072D}.Release|x64.Build.0 = Release|x64
		{F3BCC185-A0AB-4192-9D1C-C12160F5072D}.Release|x64.Deploy.0 = Release|x64
		{F3BCC185-A0AB-4192-9D1C-C12160F5072D}.Release|x86.ActiveCfg = Release|x86
		{F3BCC185-A0AB-4192-9D1C-C12160F5072D}.Release|x86.Build.0 = Release|x86
		{F3BCC185-A0AB-4192-9D1C-C12160F5072D}.Release|x86.Deploy.0 = Release|x86
		{BC38B34B-B013-48D2-9257-BCDDBFCA2A60}.Ad-Hoc|Any CPU.ActiveCfg = Debug|Any CPU
		{BC38B34B-B013-48D2-9257-BCDDBFCA2A60}.Ad-Hoc|Any CPU.Build.0 = Debug|Any CPU
		{BC38B34B-B013-48D2-9257-BCDDBFCA2A60}.Ad-Hoc|ARM.ActiveCfg = Debug|Any CPU
		{BC38B34B-B013-48D2-9257-BCDDBFCA2A60}.Ad-Hoc|ARM.Build.0 = Debug|Any CPU
		{BC38B34B-B013-48D2-9257-BCDDBFCA2A60}.Ad-Hoc|iPhone.ActiveCfg = Debug|Any CPU
		{BC38B34B-B013-48D2-9257-BCDDBFCA2A60}.Ad-Hoc|iPhone.Build.0 = Debug|Any CPU
		{BC38B34B-B013-48D2-9257-BCDDBFCA2A60}.Ad-Hoc|iPhoneSimulator.ActiveCfg = Debug|Any CPU
		{BC38B34B-B013-48D2-9257-BCDDBFCA2A60}.Ad-Hoc|iPhoneSimulator.Build.0 = Debug|Any CPU
		{BC38B34B-B013-48D2-9257-BCDDBFCA2A60}.Ad-Hoc|x64.ActiveCfg = Debug|Any CPU
		{BC38B34B-B013-48D2-9257-BCDDBFCA2A60}.Ad-Hoc|x64.Build.0 = Debug|Any CPU
		{BC38B34B-B013-48D2-9257-BCDDBFCA2A60}.Ad-Hoc|x86.ActiveCfg = Debug|Any CPU
		{BC38B34B-B013-48D2-9257-BCDDBFCA2A60}.Ad-Hoc|x86.Build.0 = Debug|Any CPU
		{BC38B34B-B013-48D2-9257-BCDDBFCA2A60}.AppStore|Any CPU.ActiveCfg = Debug|Any CPU
		{BC38B34B-B013-48D2-9257-BCDDBFCA2A60}.AppStore|Any CPU.Build.0 = Debug|Any CPU
		{BC38B34B-B013-48D2-9257-BCDDBFCA2A60}.AppStore|ARM.ActiveCfg = Debug|Any CPU
		{BC38B34B-B013-48D2-9257-BCDDBFCA2A60}.AppStore|ARM.Build.0 = Debug|Any CPU
		{BC38B34B-B013-48D2-9257-BCDDBFCA2A60}.AppStore|iPhone.ActiveCfg = Debug|Any CPU
		{BC38B34B-B013-48D2-9257-BCDDBFCA2A60}.AppStore|iPhone.Build.0 = Debug|Any CPU
		{BC38B34B-B013-48D2-9257-BCDDBFCA2A60}.AppStore|iPhoneSimulator.ActiveCfg = Debug|Any CPU
		{BC38B34B-B013-48D2-9257-BCDDBFCA2A60}.AppStore|iPhoneSimulator.Build.0 = Debug|Any CPU
		{BC38B34B-B013-48D2-9257-BCDDBFCA2A60}.AppStore|x64.ActiveCfg = Debug|Any CPU
		{BC38B34B-B013-48D2-9257-BCDDBFCA2A60}.AppStore|x64.Build.0 = Debug|Any CPU
		{BC38B34B-B013-48D2-9257-BCDDBFCA2A60}.AppStore|x86.ActiveCfg = Debug|Any CPU
		{BC38B34B-B013-48D2-9257-BCDDBFCA2A60}.AppStore|x86.Build.0 = Debug|Any CPU
		{BC38B34B-B013-48D2-9257-BCDDBFCA2A60}.Debug|Any CPU.ActiveCfg = Debug|Any CPU
		{BC38B34B-B013-48D2-9257-BCDDBFCA2A60}.Debug|Any CPU.Build.0 = Debug|Any CPU
		{BC38B34B-B013-48D2-9257-BCDDBFCA2A60}.Debug|ARM.ActiveCfg = Debug|Any CPU
		{BC38B34B-B013-48D2-9257-BCDDBFCA2A60}.Debug|ARM.Build.0 = Debug|Any CPU
		{BC38B34B-B013-48D2-9257-BCDDBFCA2A60}.Debug|iPhone.ActiveCfg = Debug|Any CPU
		{BC38B34B-B013-48D2-9257-BCDDBFCA2A60}.Debug|iPhone.Build.0 = Debug|Any CPU
		{BC38B34B-B013-48D2-9257-BCDDBFCA2A60}.Debug|iPhoneSimulator.ActiveCfg = Debug|Any CPU
		{BC38B34B-B013-48D2-9257-BCDDBFCA2A60}.Debug|iPhoneSimulator.Build.0 = Debug|Any CPU
		{BC38B34B-B013-48D2-9257-BCDDBFCA2A60}.Debug|x64.ActiveCfg = Debug|Any CPU
		{BC38B34B-B013-48D2-9257-BCDDBFCA2A60}.Debug|x64.Build.0 = Debug|Any CPU
		{BC38B34B-B013-48D2-9257-BCDDBFCA2A60}.Debug|x86.ActiveCfg = Debug|Any CPU
		{BC38B34B-B013-48D2-9257-BCDDBFCA2A60}.Debug|x86.Build.0 = Debug|Any CPU
		{BC38B34B-B013-48D2-9257-BCDDBFCA2A60}.Release|Any CPU.ActiveCfg = Release|Any CPU
		{BC38B34B-B013-48D2-9257-BCDDBFCA2A60}.Release|Any CPU.Build.0 = Release|Any CPU
		{BC38B34B-B013-48D2-9257-BCDDBFCA2A60}.Release|ARM.ActiveCfg = Release|Any CPU
		{BC38B34B-B013-48D2-9257-BCDDBFCA2A60}.Release|ARM.Build.0 = Release|Any CPU
		{BC38B34B-B013-48D2-9257-BCDDBFCA2A60}.Release|iPhone.ActiveCfg = Release|Any CPU
		{BC38B34B-B013-48D2-9257-BCDDBFCA2A60}.Release|iPhone.Build.0 = Release|Any CPU
		{BC38B34B-B013-48D2-9257-BCDDBFCA2A60}.Release|iPhoneSimulator.ActiveCfg = Release|Any CPU
		{BC38B34B-B013-48D2-9257-BCDDBFCA2A60}.Release|iPhoneSimulator.Build.0 = Release|Any CPU
		{BC38B34B-B013-48D2-9257-BCDDBFCA2A60}.Release|x64.ActiveCfg = Release|Any CPU
		{BC38B34B-B013-48D2-9257-BCDDBFCA2A60}.Release|x64.Build.0 = Release|Any CPU
		{BC38B34B-B013-48D2-9257-BCDDBFCA2A60}.Release|x86.ActiveCfg = Release|Any CPU
		{BC38B34B-B013-48D2-9257-BCDDBFCA2A60}.Release|x86.Build.0 = Release|Any CPU
	EndGlobalSection
	GlobalSection(SolutionProperties) = preSolution
		HideSolutionNode = FALSE
	EndGlobalSection
	GlobalSection(ExtensibilityGlobals) = postSolution
		SolutionGuid = {AC13A9C2-AC84-4D52-9786-60DCDD707E4C}
	EndGlobalSection
EndGlobal
